
Microsoft Visual Studio Solution File, Format Version 12.00
# Visual Studio Version 17
VisualStudioVersion = 17.14.36121.58 d17.14
MinimumVisualStudioVersion = 10.0.40219.1
Project("{FAE04EC0-301F-11D3-BF4B-00C04F79EFBC}") = "laba 7_2", "laba 7_2\laba 7_2.csproj", "{99C4EA65-F098-4447-BC87-4B0787DECE06}"
EndProject
Global
	GlobalSection(SolutionConfigurationPlatforms) = preSolution
		Debug|Any CPU = Debug|Any CPU
		Release|Any CPU = Release|Any CPU
	EndGlobalSection
	GlobalSection(ProjectConfigurationPlatforms) = postSolution
		{99C4EA65-F098-4447-BC87-4B0787DECE06}.Debug|Any CPU.ActiveCfg = Debug|Any CPU
		{99C4EA65-F098-4447-BC87-4B0787DECE06}.Debug|Any CPU.Build.0 = Debug|Any CPU
		{99C4EA65-F098-4447-BC87-4B0787DECE06}.Release|Any CPU.ActiveCfg = Release|Any CPU
		{99C4EA65-F098-4447-BC87-4B0787DECE06}.Release|Any CPU.Build.0 = Release|Any CPU
	EndGlobalSection
	GlobalSection(SolutionProperties) = preSolution
		HideSolutionNode = FALSE
	EndGlobalSection
	GlobalSection(ExtensibilityGlobals) = postSolution
		SolutionGuid = {BC266F9D-2B7B-47F7-9F9F-45B32E228BC8}
	EndGlobalSection
EndGlobal
